
Microsoft Visual Studio Solution File, Format Version 12.00
# Visual Studio 14
VisualStudioVersion = 14.0.25420.1
MinimumVisualStudioVersion = 10.0.40219.1
Project("{2150E333-8FDC-42A3-9474-1A3956D46DE8}") = "src", "src", "{99685CF7-3FF4-4416-AD0A-A54FEE4C9F80}"
EndProject
Project("{2150E333-8FDC-42A3-9474-1A3956D46DE8}") = "Solution Items", "Solution Items", "{9BA3EEA2-F75C-4A13-9FF1-89C47719C6B3}"
	ProjectSection(SolutionItems) = preProject
		global.json = global.json
	EndProjectSection
EndProject
Project("{8BB2217D-0F2D-49D1-97BC-3654ED321F3B}") = "ResearchX.Web", "src\ResearchX.Web\ResearchX.Web.xproj", "{FBF5D4C7-3978-40BC-B74E-16FF1A3022BC}"
EndProject
Global
	GlobalSection(SolutionConfigurationPlatforms) = preSolution
		Debug|Any CPU = Debug|Any CPU
		Release|Any CPU = Release|Any CPU
	EndGlobalSection
	GlobalSection(ProjectConfigurationPlatforms) = postSolution
		{FBF5D4C7-3978-40BC-B74E-16FF1A3022BC}.Debug|Any CPU.ActiveCfg = Debug|Any CPU
		{FBF5D4C7-3978-40BC-B74E-16FF1A3022BC}.Debug|Any CPU.Build.0 = Debug|Any CPU
		{FBF5D4C7-3978-40BC-B74E-16FF1A3022BC}.Release|Any CPU.ActiveCfg = Release|Any CPU
		{FBF5D4C7-3978-40BC-B74E-16FF1A3022BC}.Release|Any CPU.Build.0 = Release|Any CPU
	EndGlobalSection
	GlobalSection(SolutionProperties) = preSolution
		HideSolutionNode = FALSE
	EndGlobalSection
	GlobalSection(NestedProjects) = preSolution
		{FBF5D4C7-3978-40BC-B74E-16FF1A3022BC} = {99685CF7-3FF4-4416-AD0A-A54FEE4C9F80}
	EndGlobalSection
EndGlobal
